
Microsoft Visual Studio Solution File, Format Version 12.00
# Visual Studio Version 17
VisualStudioVersion = 17.1.32210.238
MinimumVisualStudioVersion = 10.0.40219.1
Project("{FAE04EC0-301F-11D3-BF4B-00C04F79EFBC}") = "Exe1_PABD", "Exe1_PABD\Exe1_PABD.csproj", "{485B954B-64DC-49FB-888E-2B9C52B332D4}"
EndProject
Global
	GlobalSection(SolutionConfigurationPlatforms) = preSolution
		Debug|Any CPU = Debug|Any CPU
		Release|Any CPU = Release|Any CPU
	EndGlobalSection
	GlobalSection(ProjectConfigurationPlatforms) = postSolution
		{485B954B-64DC-49FB-888E-2B9C52B332D4}.Debug|Any CPU.ActiveCfg = Debug|Any CPU
		{485B954B-64DC-49FB-888E-2B9C52B332D4}.Debug|Any CPU.Build.0 = Debug|Any CPU
		{485B954B-64DC-49FB-888E-2B9C52B332D4}.Release|Any CPU.ActiveCfg = Release|Any CPU
		{485B954B-64DC-49FB-888E-2B9C52B332D4}.Release|Any CPU.Build.0 = Release|Any CPU
	EndGlobalSection
	GlobalSection(SolutionProperties) = preSolution
		HideSolutionNode = FALSE
	EndGlobalSection
	GlobalSection(ExtensibilityGlobals) = postSolution
		SolutionGuid = {6BC6188C-858C-4FA1-A661-73CB12936F8F}
	EndGlobalSection
EndGlobal
